// !$*UTF8*$!
{
	archiveVersion = 1;
	classes = {
	};
	objectVersion = 50;
	objects = {

/* Begin PBXBuildFile section */
		C902AE82247BB991001C27EB /* AppDelegate.swift in Sources */ = {isa = PBXBuildFile; fileRef = C902AE81247BB991001C27EB /* AppDelegate.swift */; };
		C902AE84247BB991001C27EB /* SceneDelegate.swift in Sources */ = {isa = PBXBuildFile; fileRef = C902AE83247BB991001C27EB /* SceneDelegate.swift */; };
		C902AE8B247BB991001C27EB /* Main.storyboard in Resources */ = {isa = PBXBuildFile; fileRef = C902AE89247BB991001C27EB /* Main.storyboard */; };
		C902AE90247BB992001C27EB /* LaunchScreen.storyboard in Resources */ = {isa = PBXBuildFile; fileRef = C902AE8E247BB992001C27EB /* LaunchScreen.storyboard */; };
		C902AE9B247BB9BA001C27EB /* SQLiteManager.swift in Sources */ = {isa = PBXBuildFile; fileRef = C902AE9A247BB9BA001C27EB /* SQLiteManager.swift */; };
		C902AE9F247BBA68001C27EB /* InitiateDB.swift in Sources */ = {isa = PBXBuildFile; fileRef = C902AE9E247BBA68001C27EB /* InitiateDB.swift */; };
		C923F28124808E300017D52F /* LoginViewController.swift in Sources */ = {isa = PBXBuildFile; fileRef = C923F28024808E300017D52F /* LoginViewController.swift */; };
		C923F28324808E450017D52F /* RegisterViewController.swift in Sources */ = {isa = PBXBuildFile; fileRef = C923F28224808E450017D52F /* RegisterViewController.swift */; };
		C923F2852480996A0017D52F /* RestaurantTableViewController.swift in Sources */ = {isa = PBXBuildFile; fileRef = C923F2842480996A0017D52F /* RestaurantTableViewController.swift */; };
		C923F2872480999F0017D52F /* TabBarViewController.swift in Sources */ = {isa = PBXBuildFile; fileRef = C923F2862480999F0017D52F /* TabBarViewController.swift */; };
		C923F28A2480AA830017D52F /* Restaurant.swift in Sources */ = {isa = PBXBuildFile; fileRef = C923F2892480AA830017D52F /* Restaurant.swift */; };
		C923F28C2480B00B0017D52F /* ImageManager.swift in Sources */ = {isa = PBXBuildFile; fileRef = C923F28B2480B00B0017D52F /* ImageManager.swift */; };
		C923F28E2480B9170017D52F /* Dish.swift in Sources */ = {isa = PBXBuildFile; fileRef = C923F28D2480B9170017D52F /* Dish.swift */; };
		C923F2902480BFD30017D52F /* RestaurantTableViewCell.swift in Sources */ = {isa = PBXBuildFile; fileRef = C923F28F2480BFD30017D52F /* RestaurantTableViewCell.swift */; };
		C93B56222481EC0400F6BC7F /* MineTableViewController.swift in Sources */ = {isa = PBXBuildFile; fileRef = C93B56212481EC0400F6BC7F /* MineTableViewController.swift */; };
		C93B56262481F09800F6BC7F /* UserTableViewCell.swift in Sources */ = {isa = PBXBuildFile; fileRef = C93B56252481F09800F6BC7F /* UserTableViewCell.swift */; };
		C93B56282481FA2700F6BC7F /* Assets.xcassets in Resources */ = {isa = PBXBuildFile; fileRef = C93B56272481FA2700F6BC7F /* Assets.xcassets */; };
		C93B562A2481FC2900F6BC7F /* AboutTableViewCell.swift in Sources */ = {isa = PBXBuildFile; fileRef = C93B56292481FC2900F6BC7F /* AboutTableViewCell.swift */; };
		C93B562C2482314200F6BC7F /* RestImgTableViewCell.swift in Sources */ = {isa = PBXBuildFile; fileRef = C93B562B2482314200F6BC7F /* RestImgTableViewCell.swift */; };
		C93DBF6B2480E36900D715EB /* DishViewController.swift in Sources */ = {isa = PBXBuildFile; fileRef = C93DBF6A2480E36900D715EB /* DishViewController.swift */; };
		C93DBF6E2480E77A00D715EB /* DishTableViewCell.swift in Sources */ = {isa = PBXBuildFile; fileRef = C93DBF6D2480E77A00D715EB /* DishTableViewCell.swift */; };
		C93DBF722480FC2E00D715EB /* DishDetailViewController.swift in Sources */ = {isa = PBXBuildFile; fileRef = C93DBF712480FC2E00D715EB /* DishDetailViewController.swift */; };
		C97A35452481152500A217C8 /* OrderTableViewController.swift in Sources */ = {isa = PBXBuildFile; fileRef = C97A35442481152500A217C8 /* OrderTableViewController.swift */; };
		C97A35472481329100A217C8 /* Order.swift in Sources */ = {isa = PBXBuildFile; fileRef = C97A35462481329100A217C8 /* Order.swift */; };
		C97A354924813CEA00A217C8 /* OrderTableViewCell.swift in Sources */ = {isa = PBXBuildFile; fileRef = C97A354824813CEA00A217C8 /* OrderTableViewCell.swift */; };
		C97A354B2481440500A217C8 /* ThanksViewController.swift in Sources */ = {isa = PBXBuildFile; fileRef = C97A354A2481440500A217C8 /* ThanksViewController.swift */; };
/* End PBXBuildFile section */

/* Begin PBXFileReference section */
		C902AE7E247BB991001C27EB /* MyRestaurant.app */ = {isa = PBXFileReference; explicitFileType = wrapper.application; includeInIndex = 0; path = MyRestaurant.app; sourceTree = BUILT_PRODUCTS_DIR; };
		C902AE81247BB991001C27EB /* AppDelegate.swift */ = {isa = PBXFileReference; lastKnownFileType = sourcecode.swift; path = AppDelegate.swift; sourceTree = "<group>"; };
		C902AE83247BB991001C27EB /* SceneDelegate.swift */ = {isa = PBXFileReference; lastKnownFileType = sourcecode.swift; path = SceneDelegate.swift; sourceTree = "<group>"; };
		C902AE8A247BB991001C27EB /* Base */ = {isa = PBXFileReference; lastKnownFileType = file.storyboard; name = Base; path = Base.lproj/Main.storyboard; sourceTree = "<group>"; };
		C902AE8F247BB992001C27EB /* Base */ = {isa = PBXFileReference; lastKnownFileType = file.storyboard; name = Base; path = Base.lproj/LaunchScreen.storyboard; sourceTree = "<group>"; };
		C902AE91247BB992001C27EB /* Info.plist */ = {isa = PBXFileReference; lastKnownFileType = text.plist.xml; path = Info.plist; sourceTree = "<group>"; };
		C902AE97247BB9A4001C27EB /* MyRestaurant-Bridging-Header.h */ = {isa = PBXFileReference; lastKnownFileType = sourcecode.c.h; path = "MyRestaurant-Bridging-Header.h"; sourceTree = "<group>"; };
		C902AE9A247BB9BA001C27EB /* SQLiteManager.swift */ = {isa = PBXFileReference; fileEncoding = 4; lastKnownFileType = sourcecode.swift; path = SQLiteManager.swift; sourceTree = "<group>"; };
		C902AE9E247BBA68001C27EB /* InitiateDB.swift */ = {isa = PBXFileReference; lastKnownFileType = sourcecode.swift; path = InitiateDB.swift; sourceTree = "<group>"; };
		C923F28024808E300017D52F /* LoginViewController.swift */ = {isa = PBXFileReference; lastKnownFileType = sourcecode.swift; path = LoginViewController.swift; sourceTree = "<group>"; };
		C923F28224808E450017D52F /* RegisterViewController.swift */ = {isa = PBXFileReference; lastKnownFileType = sourcecode.swift; path = RegisterViewController.swift; sourceTree = "<group>"; };
		C923F2842480996A0017D52F /* RestaurantTableViewController.swift */ = {isa = PBXFileReference; lastKnownFileType = sourcecode.swift; path = RestaurantTableViewController.swift; sourceTree = "<group>"; };
		C923F2862480999F0017D52F /* TabBarViewController.swift */ = {isa = PBXFileReference; lastKnownFileType = sourcecode.swift; path = TabBarViewController.swift; sourceTree = "<group>"; };
		C923F2892480AA830017D52F /* Restaurant.swift */ = {isa = PBXFileReference; lastKnownFileType = sourcecode.swift; path = Restaurant.swift; sourceTree = "<group>"; };
		C923F28B2480B00B0017D52F /* ImageManager.swift */ = {isa = PBXFileReference; lastKnownFileType = sourcecode.swift; path = ImageManager.swift; sourceTree = "<group>"; };
		C923F28D2480B9170017D52F /* Dish.swift */ = {isa = PBXFileReference; lastKnownFileType = sourcecode.swift; path = Dish.swift; sourceTree = "<group>"; };
		C923F28F2480BFD30017D52F /* RestaurantTableViewCell.swift */ = {isa = PBXFileReference; lastKnownFileType = sourcecode.swift; path = RestaurantTableViewCell.swift; sourceTree = "<group>"; };
		C93B56212481EC0400F6BC7F /* MineTableViewController.swift */ = {isa = PBXFileReference; lastKnownFileType = sourcecode.swift; path = MineTableViewController.swift; sourceTree = "<group>"; };
		C93B56252481F09800F6BC7F /* UserTableViewCell.swift */ = {isa = PBXFileReference; lastKnownFileType = sourcecode.swift; path = UserTableViewCell.swift; sourceTree = "<group>"; };
		C93B56272481FA2700F6BC7F /* Assets.xcassets */ = {isa = PBXFileReference; lastKnownFileType = folder.assetcatalog; path = Assets.xcassets; sourceTree = "<group>"; };
		C93B56292481FC2900F6BC7F /* AboutTableViewCell.swift */ = {isa = PBXFileReference; lastKnownFileType = sourcecode.swift; path = AboutTableViewCell.swift; sourceTree = "<group>"; };
		C93B562B2482314200F6BC7F /* RestImgTableViewCell.swift */ = {isa = PBXFileReference; lastKnownFileType = sourcecode.swift; path = RestImgTableViewCell.swift; sourceTree = "<group>"; };
		C93DBF6A2480E36900D715EB /* DishViewController.swift */ = {isa = PBXFileReference; lastKnownFileType = sourcecode.swift; path = DishViewController.swift; sourceTree = "<group>"; };
		C93DBF6D2480E77A00D715EB /* DishTableViewCell.swift */ = {isa = PBXFileReference; lastKnownFileType = sourcecode.swift; path = DishTableViewCell.swift; sourceTree = "<group>"; };
		C93DBF712480FC2E00D715EB /* DishDetailViewController.swift */ = {isa = PBXFileReference; lastKnownFileType = sourcecode.swift; path = DishDetailViewController.swift; sourceTree = "<group>"; };
		C97A35442481152500A217C8 /* OrderTableViewController.swift */ = {isa = PBXFileReference; lastKnownFileType = sourcecode.swift; path = OrderTableViewController.swift; sourceTree = "<group>"; };
		C97A35462481329100A217C8 /* Order.swift */ = {isa = PBXFileReference; lastKnownFileType = sourcecode.swift; path = Order.swift; sourceTree = "<group>"; };
		C97A354824813CEA00A217C8 /* OrderTableViewCell.swift */ = {isa = PBXFileReference; lastKnownFileType = sourcecode.swift; path = OrderTableViewCell.swift; sourceTree = "<group>"; };
		C97A354A2481440500A217C8 /* ThanksViewController.swift */ = {isa = PBXFileReference; lastKnownFileType = sourcecode.swift; path = ThanksViewController.swift; sourceTree = "<group>"; };
/* End PBXFileReference section */

/* Begin PBXFrameworksBuildPhase section */
		C902AE7B247BB991001C27EB /* Frameworks */ = {
			isa = PBXFrameworksBuildPhase;
			buildActionMask = 2147483647;
			files = (
			);
			runOnlyForDeploymentPostprocessing = 0;
		};
/* End PBXFrameworksBuildPhase section */

/* Begin PBXGroup section */
		C902AE75247BB991001C27EB = {
			isa = PBXGroup;
			children = (
				C902AE80247BB991001C27EB /* MyRestaurant */,
				C902AE7F247BB991001C27EB /* Products */,
			);
			sourceTree = "<group>";
		};
		C902AE7F247BB991001C27EB /* Products */ = {
			isa = PBXGroup;
			children = (
				C902AE7E247BB991001C27EB /* MyRestaurant.app */,
			);
			name = Products;
			sourceTree = "<group>";
		};
		C902AE80247BB991001C27EB /* MyRestaurant */ = {
			isa = PBXGroup;
			children = (
				C93B56272481FA2700F6BC7F /* Assets.xcassets */,
				C923F2882480AA700017D52F /* Model */,
				C923F27D24808DF00017D52F /* ViewController */,
				C902AE9A247BB9BA001C27EB /* SQLiteManager.swift */,
				C923F28B2480B00B0017D52F /* ImageManager.swift */,
				C902AE9E247BBA68001C27EB /* InitiateDB.swift */,
				C902AE89247BB991001C27EB /* Main.storyboard */,
				C902AE8E247BB992001C27EB /* LaunchScreen.storyboard */,
				C902AE91247BB992001C27EB /* Info.plist */,
				C902AE81247BB991001C27EB /* AppDelegate.swift */,
				C902AE83247BB991001C27EB /* SceneDelegate.swift */,
				C902AE97247BB9A4001C27EB /* MyRestaurant-Bridging-Header.h */,
			);
			path = MyRestaurant;
			sourceTree = "<group>";
		};
		C923F27D24808DF00017D52F /* ViewController */ = {
			isa = PBXGroup;
			children = (
				C923F28024808E300017D52F /* LoginViewController.swift */,
				C923F28224808E450017D52F /* RegisterViewController.swift */,
				C923F2842480996A0017D52F /* RestaurantTableViewController.swift */,
				C923F28F2480BFD30017D52F /* RestaurantTableViewCell.swift */,
				C93DBF6A2480E36900D715EB /* DishViewController.swift */,
				C93DBF6D2480E77A00D715EB /* DishTableViewCell.swift */,
				C93B562B2482314200F6BC7F /* RestImgTableViewCell.swift */,
				C93DBF712480FC2E00D715EB /* DishDetailViewController.swift */,
				C923F2862480999F0017D52F /* TabBarViewController.swift */,
				C97A35442481152500A217C8 /* OrderTableViewController.swift */,
				C97A354824813CEA00A217C8 /* OrderTableViewCell.swift */,
				C97A354A2481440500A217C8 /* ThanksViewController.swift */,
				C93B56212481EC0400F6BC7F /* MineTableViewController.swift */,
				C93B56252481F09800F6BC7F /* UserTableViewCell.swift */,
				C93B56292481FC2900F6BC7F /* AboutTableViewCell.swift */,
			);
			path = ViewController;
			sourceTree = "<group>";
		};
		C923F2882480AA700017D52F /* Model */ = {
			isa = PBXGroup;
			children = (
				C923F2892480AA830017D52F /* Restaurant.swift */,
				C923F28D2480B9170017D52F /* Dish.swift */,
				C97A35462481329100A217C8 /* Order.swift */,
			);
			path = Model;
			sourceTree = "<group>";
		};
/* End PBXGroup section */

/* Begin PBXNativeTarget section */
		C902AE7D247BB991001C27EB /* MyRestaurant */ = {
			isa = PBXNativeTarget;
			buildConfigurationList = C902AE94247BB992001C27EB /* Build configuration list for PBXNativeTarget "MyRestaurant" */;
			buildPhases = (
				C902AE7A247BB991001C27EB /* Sources */,
				C902AE7B247BB991001C27EB /* Frameworks */,
				C902AE7C247BB991001C27EB /* Resources */,
			);
			buildRules = (
			);
			dependencies = (
			);
			name = MyRestaurant;
			productName = MyRestaurant;
			productReference = C902AE7E247BB991001C27EB /* MyRestaurant.app */;
			productType = "com.apple.product-type.application";
		};
/* End PBXNativeTarget section */

/* Begin PBXProject section */
		C902AE76247BB991001C27EB /* Project object */ = {
			isa = PBXProject;
			attributes = {
				LastSwiftUpdateCheck = 1140;
				LastUpgradeCheck = 1140;
				ORGANIZATIONNAME = lw;
				TargetAttributes = {
					C902AE7D247BB991001C27EB = {
						CreatedOnToolsVersion = 11.4.1;
						LastSwiftMigration = 1140;
					};
				};
			};
			buildConfigurationList = C902AE79247BB991001C27EB /* Build configuration list for PBXProject "MyRestaurant" */;
			compatibilityVersion = "Xcode 9.3";
			developmentRegion = en;
			hasScannedForEncodings = 0;
			knownRegions = (
				en,
				Base,
			);
			mainGroup = C902AE75247BB991001C27EB;
			productRefGroup = C902AE7F247BB991001C27EB /* Products */;
			projectDirPath = "";
			projectRoot = "";
			targets = (
				C902AE7D247BB991001C27EB /* MyRestaurant */,
			);
		};
/* End PBXProject section */

/* Begin PBXResourcesBuildPhase section */
		C902AE7C247BB991001C27EB /* Resources */ = {
			isa = PBXResourcesBuildPhase;
			buildActionMask = 2147483647;
			files = (
				C902AE90247BB992001C27EB /* LaunchScreen.storyboard in Resources */,
				C93B56282481FA2700F6BC7F /* Assets.xcassets in Resources */,
				C902AE8B247BB991001C27EB /* Main.storyboard in Resources */,
			);
			runOnlyForDeploymentPostprocessing = 0;
		};
/* End PBXResourcesBuildPhase section */

/* Begin PBXSourcesBuildPhase section */
		C902AE7A247BB991001C27EB /* Sources */ = {
			isa = PBXSourcesBuildPhase;
			buildActionMask = 2147483647;
			files = (
				C923F28A2480AA830017D52F /* Restaurant.swift in Sources */,
				C923F28324808E450017D52F /* RegisterViewController.swift in Sources */,
				C93B56262481F09800F6BC7F /* UserTableViewCell.swift in Sources */,
				C97A35452481152500A217C8 /* OrderTableViewController.swift in Sources */,
				C923F2872480999F0017D52F /* TabBarViewController.swift in Sources */,
				C923F2852480996A0017D52F /* RestaurantTableViewController.swift in Sources */,
				C902AE9F247BBA68001C27EB /* InitiateDB.swift in Sources */,
				C902AE9B247BB9BA001C27EB /* SQLiteManager.swift in Sources */,
				C93DBF6E2480E77A00D715EB /* DishTableViewCell.swift in Sources */,
				C93B562A2481FC2900F6BC7F /* AboutTableViewCell.swift in Sources */,
				C97A354924813CEA00A217C8 /* OrderTableViewCell.swift in Sources */,
				C93DBF722480FC2E00D715EB /* DishDetailViewController.swift in Sources */,
				C93B56222481EC0400F6BC7F /* MineTableViewController.swift in Sources */,
				C923F28124808E300017D52F /* LoginViewController.swift in Sources */,
				C902AE82247BB991001C27EB /* AppDelegate.swift in Sources */,
				C902AE84247BB991001C27EB /* SceneDelegate.swift in Sources */,
				C97A354B2481440500A217C8 /* ThanksViewController.swift in Sources */,
				C97A35472481329100A217C8 /* Order.swift in Sources */,
				C93DBF6B2480E36900D715EB /* DishViewController.swift in Sources */,
				C93B562C2482314200F6BC7F /* RestImgTableViewCell.swift in Sources */,
				C923F28E2480B9170017D52F /* Dish.swift in Sources */,
				C923F28C2480B00B0017D52F /* ImageManager.swift in Sources */,
				C923F2902480BFD30017D52F /* RestaurantTableViewCell.swift in Sources */,
			);
			runOnlyForDeploymentPostprocessing = 0;
		};
/* End PBXSourcesBuildPhase section */

/* Begin PBXVariantGroup section */
		C902AE89247BB991001C27EB /* Main.storyboard */ = {
			isa = PBXVariantGroup;
			children = (
				C902AE8A247BB991001C27EB /* Base */,
			);
			name = Main.storyboard;
			sourceTree = "<group>";
		};
		C902AE8E247BB992001C27EB /* LaunchScreen.storyboard */ = {
			isa = PBXVariantGroup;
			children = (
				C902AE8F247BB992001C27EB /* Base */,
			);
			name = LaunchScreen.storyboard;
			sourceTree = "<group>";
		};
/* End PBXVariantGroup section */

/* Begin XCBuildConfiguration section */
		C902AE92247BB992001C27EB /* Debug */ = {
			isa = XCBuildConfiguration;
			buildSettings = {
				ALWAYS_SEARCH_USER_PATHS = NO;
				CLANG_ANALYZER_NONNULL = YES;
				CLANG_ANALYZER_NUMBER_OBJECT_CONVERSION = YES_AGGRESSIVE;
				CLANG_CXX_LANGUAGE_STANDARD = "gnu++14";
				CLANG_CXX_LIBRARY = "libc++";
				CLANG_ENABLE_MODULES = YES;
				CLANG_ENABLE_OBJC_ARC = YES;
				CLANG_ENABLE_OBJC_WEAK = YES;
				CLANG_WARN_BLOCK_CAPTURE_AUTORELEASING = YES;
				CLANG_WARN_BOOL_CONVERSION = YES;
				CLANG_WARN_COMMA = YES;
				CLANG_WARN_CONSTANT_CONVERSION = YES;
				CLANG_WARN_DEPRECATED_OBJC_IMPLEMENTATIONS = YES;
				CLANG_WARN_DIRECT_OBJC_ISA_USAGE = YES_ERROR;
				CLANG_WARN_DOCUMENTATION_COMMENTS = YES;
				CLANG_WARN_EMPTY_BODY = YES;
				CLANG_WARN_ENUM_CONVERSION = YES;
				CLANG_WARN_INFINITE_RECURSION = YES;
				CLANG_WARN_INT_CONVERSION = YES;
				CLANG_WARN_NON_LITERAL_NULL_CONVERSION = YES;
				CLANG_WARN_OBJC_IMPLICIT_RETAIN_SELF = YES;
				CLANG_WARN_OBJC_LITERAL_CONVERSION = YES;
				CLANG_WARN_OBJC_ROOT_CLASS = YES_ERROR;
				CLANG_WARN_RANGE_LOOP_ANALYSIS = YES;
				CLANG_WARN_STRICT_PROTOTYPES = YES;
				CLANG_WARN_SUSPICIOUS_MOVE = YES;
				CLANG_WARN_UNGUARDED_AVAILABILITY = YES_AGGRESSIVE;
				CLANG_WARN_UNREACHABLE_CODE = YES;
				CLANG_WARN__DUPLICATE_METHOD_MATCH = YES;
				COPY_PHASE_STRIP = NO;
				DEBUG_INFORMATION_FORMAT = dwarf;
				ENABLE_STRICT_OBJC_MSGSEND = YES;
				ENABLE_TESTABILITY = YES;
				GCC_C_LANGUAGE_STANDARD = gnu11;
				GCC_DYNAMIC_NO_PIC = NO;
				GCC_NO_COMMON_BLOCKS = YES;
				GCC_OPTIMIZATION_LEVEL = 0;
				GCC_PREPROCESSOR_DEFINITIONS = (
					"DEBUG=1",
					"$(inherited)",
				);
				GCC_WARN_64_TO_32_BIT_CONVERSION = YES;
				GCC_WARN_ABOUT_RETURN_TYPE = YES_ERROR;
				GCC_WARN_UNDECLARED_SELECTOR = YES;
				GCC_WARN_UNINITIALIZED_AUTOS = YES_AGGRESSIVE;
				GCC_WARN_UNUSED_FUNCTION = YES;
				GCC_WARN_UNUSED_VARIABLE = YES;
				IPHONEOS_DEPLOYMENT_TARGET = 13.4;
				MTL_ENABLE_DEBUG_INFO = INCLUDE_SOURCE;
				MTL_FAST_MATH = YES;
				ONLY_ACTIVE_ARCH = YES;
				SDKROOT = iphoneos;
				SWIFT_ACTIVE_COMPILATION_CONDITIONS = DEBUG;
				SWIFT_OPTIMIZATION_LEVEL = "-Onone";
			};
			name = Debug;
		};
		C902AE93247BB992001C27EB /* Release */ = {
			isa = XCBuildConfiguration;
			buildSettings = {
				ALWAYS_SEARCH_USER_PATHS = NO;
				CLANG_ANALYZER_NONNULL = YES;
				CLANG_ANALYZER_NUMBER_OBJECT_CONVERSION = YES_AGGRESSIVE;
				CLANG_CXX_LANGUAGE_STANDARD = "gnu++14";
				CLANG_CXX_LIBRARY = "libc++";
				CLANG_ENABLE_MODULES = YES;
				CLANG_ENABLE_OBJC_ARC = YES;
				CLANG_ENABLE_OBJC_WEAK = YES;
				CLANG_WARN_BLOCK_CAPTURE_AUTORELEASING = YES;
				CLANG_WARN_BOOL_CONVERSION = YES;
				CLANG_WARN_COMMA = YES;
				CLANG_WARN_CONSTANT_CONVERSION = YES;
				CLANG_WARN_DEPRECATED_OBJC_IMPLEMENTATIONS = YES;
				CLANG_WARN_DIRECT_OBJC_ISA_USAGE = YES_ERROR;
				CLANG_WARN_DOCUMENTATION_COMMENTS = YES;
				CLANG_WARN_EMPTY_BODY = YES;
				CLANG_WARN_ENUM_CONVERSION = YES;
				CLANG_WARN_INFINITE_RECURSION = YES;
				CLANG_WARN_INT_CONVERSION = YES;
				CLANG_WARN_NON_LITERAL_NULL_CONVERSION = YES;
				CLANG_WARN_OBJC_IMPLICIT_RETAIN_SELF = YES;
				CLANG_WARN_OBJC_LITERAL_CONVERSION = YES;
				CLANG_WARN_OBJC_ROOT_CLASS = YES_ERROR;
				CLANG_WARN_RANGE_LOOP_ANALYSIS = YES;
				CLANG_WARN_STRICT_PROTOTYPES = YES;
				CLANG_WARN_SUSPICIOUS_MOVE = YES;
				CLANG_WARN_UNGUARDED_AVAILABILITY = YES_AGGRESSIVE;
				CLANG_WARN_UNREACHABLE_CODE = YES;
				CLANG_WARN__DUPLICATE_METHOD_MATCH = YES;
				COPY_PHASE_STRIP = NO;
				DEBUG_INFORMATION_FORMAT = "dwarf-with-dsym";
				ENABLE_NS_ASSERTIONS = NO;
				ENABLE_STRICT_OBJC_MSGSEND = YES;
				GCC_C_LANGUAGE_STANDARD = gnu11;
				GCC_NO_COMMON_BLOCKS = YES;
				GCC_WARN_64_TO_32_BIT_CONVERSION = YES;
				GCC_WARN_ABOUT_RETURN_TYPE = YES_ERROR;
				GCC_WARN_UNDECLARED_SELECTOR = YES;
				GCC_WARN_UNINITIALIZED_AUTOS = YES_AGGRESSIVE;
				GCC_WARN_UNUSED_FUNCTION = YES;
				GCC_WARN_UNUSED_VARIABLE = YES;
				IPHONEOS_DEPLOYMENT_TARGET = 13.4;
				MTL_ENABLE_DEBUG_INFO = NO;
				MTL_FAST_MATH = YES;
				SDKROOT = iphoneos;
				SWIFT_COMPILATION_MODE = wholemodule;
				SWIFT_OPTIMIZATION_LEVEL = "-O";
				VALIDATE_PRODUCT = YES;
			};
			name = Release;
		};
		C902AE95247BB992001C27EB /* Debug */ = {
			isa = XCBuildConfiguration;
			buildSettings = {
				ASSETCATALOG_COMPILER_APPICON_NAME = AppIcon;
				CLANG_ENABLE_MODULES = YES;
				CODE_SIGN_STYLE = Automatic;
				DEVELOPMENT_TEAM = UNF3PM77ST;
				INFOPLIST_FILE = MyRestaurant/Info.plist;
				LD_RUNPATH_SEARCH_PATHS = (
					"$(inherited)",
					"@executable_path/Frameworks",
				);
				PRODUCT_BUNDLE_IDENTIFIER = WHU.MyRestaurant;
				PRODUCT_NAME = "$(TARGET_NAME)";
				SWIFT_OBJC_BRIDGING_HEADER = "MyRestaurant/MyRestaurant-Bridging-Header.h";
				SWIFT_OPTIMIZATION_LEVEL = "-Onone";
				SWIFT_VERSION = 5.0;
				TARGETED_DEVICE_FAMILY = "1,2";
			};
			name = Debug;
		};
		C902AE96247BB992001C27EB /* Release */ = {
			isa = XCBuildConfiguration;
			buildSettings = {
				ASSETCATALOG_COMPILER_APPICON_NAME = AppIcon;
				CLANG_ENABLE_MODULES = YES;
				CODE_SIGN_STYLE = Automatic;
				DEVELOPMENT_TEAM = UNF3PM77ST;
				INFOPLIST_FILE = MyRestaurant/Info.plist;
				LD_RUNPATH_SEARCH_PATHS = (
					"$(inherited)",
					"@executable_path/Frameworks",
				);
				PRODUCT_BUNDLE_IDENTIFIER = WHU.MyRestaurant;
				PRODUCT_NAME = "$(TARGET_NAME)";
				SWIFT_OBJC_BRIDGING_HEADER = "MyRestaurant/MyRestaurant-Bridging-Header.h";
				SWIFT_VERSION = 5.0;
				TARGETED_DEVICE_FAMILY = "1,2";
			};
			name = Release;
		};
/* End XCBuildConfiguration section */

/* Begin XCConfigurationList section */
		C902AE79247BB991001C27EB /* Build configuration list for PBXProject "MyRestaurant" */ = {
			isa = XCConfigurationList;
			buildConfigurations = (
				C902AE92247BB992001C27EB /* Debug */,
				C902AE93247BB992001C27EB /* Release */,
			);
			defaultConfigurationIsVisible = 0;
			defaultConfigurationName = Release;
		};
		C902AE94247BB992001C27EB /* Build configuration list for PBXNativeTarget "MyRestaurant" */ = {
			isa = XCConfigurationList;
			buildConfigurations = (
				C902AE95247BB992001C27EB /* Debug */,
				C902AE96247BB992001C27EB /* Release */,
			);
			defaultConfigurationIsVisible = 0;
			defaultConfigurationName = Release;
		};
/* End XCConfigurationList section */
	};
	rootObject = C902AE76247BB991001C27EB /* Project object */;
}
